// !$*UTF8*$!
{
	archiveVersion = 1;
	classes = {
	};
	objectVersion = 46;
	objects = {

/* Begin PBXBuildFile section */
		A5C78F9D1A4898FB007BA50A /* AppDelegate.swift in Sources */ = {isa = PBXBuildFile; fileRef = A5C78F9C1A4898FB007BA50A /* AppDelegate.swift */; };
		A5C78F9F1A4898FB007BA50A /* ViewController.swift in Sources */ = {isa = PBXBuildFile; fileRef = A5C78F9E1A4898FB007BA50A /* ViewController.swift */; };
		A5C78FA11A4898FB007BA50A /* Images.xcassets in Resources */ = {isa = PBXBuildFile; fileRef = A5C78FA01A4898FB007BA50A /* Images.xcassets */; };
		A5C78FA41A4898FB007BA50A /* Main.storyboard in Resources */ = {isa = PBXBuildFile; fileRef = A5C78FA21A4898FB007BA50A /* Main.storyboard */; };
		A5C78FB01A4898FB007BA50A /* chapter_2Tests.swift in Sources */ = {isa = PBXBuildFile; fileRef = A5C78FAF1A4898FB007BA50A /* chapter_2Tests.swift */; };
/* End PBXBuildFile section */

/* Begin PBXContainerItemProxy section */
		A5C78FAA1A4898FB007BA50A /* PBXContainerItemProxy */ = {
			isa = PBXContainerItemProxy;
			containerPortal = A5C78F8F1A4898FB007BA50A /* Project object */;
			proxyType = 1;
			remoteGlobalIDString = A5C78F961A4898FB007BA50A;
			remoteInfo = "chapter-2";
		};
/* End PBXContainerItemProxy section */

/* Begin PBXFileReference section */
		A5C78F971A4898FB007BA50A /* chapter-2.app */ = {isa = PBXFileReference; explicitFileType = wrapper.application; includeInIndex = 0; path = "chapter-2.app"; sourceTree = BUILT_PRODUCTS_DIR; };
		A5C78F9B1A4898FB007BA50A /* Info.plist */ = {isa = PBXFileReference; lastKnownFileType = text.plist.xml; path = Info.plist; sourceTree = "<group>"; };
		A5C78F9C1A4898FB007BA50A /* AppDelegate.swift */ = {isa = PBXFileReference; lastKnownFileType = sourcecode.swift; path = AppDelegate.swift; sourceTree = "<group>"; };
		A5C78F9E1A4898FB007BA50A /* ViewController.swift */ = {isa = PBXFileReference; lastKnownFileType = sourcecode.swift; path = ViewController.swift; sourceTree = "<group>"; };
		A5C78FA01A4898FB007BA50A /* Images.xcassets */ = {isa = PBXFileReference; lastKnownFileType = folder.assetcatalog; path = Images.xcassets; sourceTree = "<group>"; };
		A5C78FA31A4898FB007BA50A /* Base */ = {isa = PBXFileReference; lastKnownFileType = file.storyboard; name = Base; path = Base.lproj/Main.storyboard; sourceTree = "<group>"; };
		A5C78FA91A4898FB007BA50A /* chapter-2Tests.xctest */ = {isa = PBXFileReference; explicitFileType = wrapper.cfbundle; includeInIndex = 0; path = "chapter-2Tests.xctest"; sourceTree = BUILT_PRODUCTS_DIR; };
		A5C78FAE1A4898FB007BA50A /* Info.plist */ = {isa = PBXFileReference; lastKnownFileType = text.plist.xml; path = Info.plist; sourceTree = "<group>"; };
		A5C78FAF1A4898FB007BA50A /* chapter_2Tests.swift */ = {isa = PBXFileReference; lastKnownFileType = sourcecode.swift; path = chapter_2Tests.swift; sourceTree = "<group>"; };
/* End PBXFileReference section */

/* Begin PBXFrameworksBuildPhase section */
		A5C78F941A4898FB007BA50A /* Frameworks */ = {
			isa = PBXFrameworksBuildPhase;
			buildActionMask = 2147483647;
			files = (
			);
			runOnlyForDeploymentPostprocessing = 0;
		};
		A5C78FA61A4898FB007BA50A /* Frameworks */ = {
			isa = PBXFrameworksBuildPhase;
			buildActionMask = 2147483647;
			files = (
			);
			runOnlyForDeploymentPostprocessing = 0;
		};
/* End PBXFrameworksBuildPhase section */

/* Begin PBXGroup section */
		A5C78F8E1A4898FB007BA50A = {
			isa = PBXGroup;
			children = (
				A5C78F991A4898FB007BA50A /* chapter-2 */,
				A5C78FAC1A4898FB007BA50A /* chapter-2Tests */,
				A5C78F981A4898FB007BA50A /* Products */,
			);
			sourceTree = "<group>";
		};
		A5C78F981A4898FB007BA50A /* Products */ = {
			isa = PBXGroup;
			children = (
				A5C78F971A4898FB007BA50A /* chapter-2.app */,
				A5C78FA91A4898FB007BA50A /* chapter-2Tests.xctest */,
			);
			name = Products;
			sourceTree = "<group>";
		};
		A5C78F991A4898FB007BA50A /* chapter-2 */ = {
			isa = PBXGroup;
			children = (
				A5C78F9C1A4898FB007BA50A /* AppDelegate.swift */,
				A5C78F9E1A4898FB007BA50A /* ViewController.swift */,
				A5C78FA01A4898FB007BA50A /* Images.xcassets */,
				A5C78FA21A4898FB007BA50A /* Main.storyboard */,
				A5C78F9A1A4898FB007BA50A /* Supporting Files */,
			);
			path = "chapter-2";
			sourceTree = "<group>";
		};
		A5C78F9A1A4898FB007BA50A /* Supporting Files */ = {
			isa = PBXGroup;
			children = (
				A5C78F9B1A4898FB007BA50A /* Info.plist */,
			);
			name = "Supporting Files";
			sourceTree = "<group>";
		};
		A5C78FAC1A4898FB007BA50A /* chapter-2Tests */ = {
			isa = PBXGroup;
			children = (
				A5C78FAF1A4898FB007BA50A /* chapter_2Tests.swift */,
				A5C78FAD1A4898FB007BA50A /* Supporting Files */,
			);
			path = "chapter-2Tests";
			sourceTree = "<group>";
		};
		A5C78FAD1A4898FB007BA50A /* Supporting Files */ = {
			isa = PBXGroup;
			children = (
				A5C78FAE1A4898FB007BA50A /* Info.plist */,
			);
			name = "Supporting Files";
			sourceTree = "<group>";
		};
/* End PBXGroup section */

/* Begin PBXNativeTarget section */
		A5C78F961A4898FB007BA50A /* chapter-2 */ = {
			isa = PBXNativeTarget;
			buildConfigurationList = A5C78FB31A4898FB007BA50A /* Build configuration list for PBXNativeTarget "chapter-2" */;
			buildPhases = (
				A5C78F931A4898FB007BA50A /* Sources */,
				A5C78F941A4898FB007BA50A /* Frameworks */,
				A5C78F951A4898FB007BA50A /* Resources */,
			);
			buildRules = (
			);
			dependencies = (
			);
			name = "chapter-2";
			productName = "chapter-2";
			productReference = A5C78F971A4898FB007BA50A /* chapter-2.app */;
			productType = "com.apple.product-type.application";
		};
		A5C78FA81A4898FB007BA50A /* chapter-2Tests */ = {
			isa = PBXNativeTarget;
			buildConfigurationList = A5C78FB61A4898FB007BA50A /* Build configuration list for PBXNativeTarget "chapter-2Tests" */;
			buildPhases = (
				A5C78FA51A4898FB007BA50A /* Sources */,
				A5C78FA61A4898FB007BA50A /* Frameworks */,
				A5C78FA71A4898FB007BA50A /* Resources */,
			);
			buildRules = (
			);
			dependencies = (
				A5C78FAB1A4898FB007BA50A /* PBXTargetDependency */,
			);
			name = "chapter-2Tests";
			productName = "chapter-2Tests";
			productReference = A5C78FA91A4898FB007BA50A /* chapter-2Tests.xctest */;
			productType = "com.apple.product-type.bundle.unit-test";
		};
/* End PBXNativeTarget section */

/* Begin PBXProject section */
		A5C78F8F1A4898FB007BA50A /* Project object */ = {
			isa = PBXProject;
			attributes = {
				LastUpgradeCheck = 0610;
				ORGANIZATIONNAME = prakashn;
				TargetAttributes = {
					A5C78F961A4898FB007BA50A = {
						CreatedOnToolsVersion = 6.1.1;
					};
					A5C78FA81A4898FB007BA50A = {
						CreatedOnToolsVersion = 6.1.1;
						TestTargetID = A5C78F961A4898FB007BA50A;
					};
				};
			};
			buildConfigurationList = A5C78F921A4898FB007BA50A /* Build configuration list for PBXProject "chapter-2" */;
			compatibilityVersion = "Xcode 3.2";
			developmentRegion = English;
			hasScannedForEncodings = 0;
			knownRegions = (
				en,
				Base,
			);
			mainGroup = A5C78F8E1A4898FB007BA50A;
			productRefGroup = A5C78F981A4898FB007BA50A /* Products */;
			projectDirPath = "";
			projectRoot = "";
			targets = (
				A5C78F961A4898FB007BA50A /* chapter-2 */,
				A5C78FA81A4898FB007BA50A /* chapter-2Tests */,
			);
		};
/* End PBXProject section */

/* Begin PBXResourcesBuildPhase section */
		A5C78F951A4898FB007BA50A /* Resources */ = {
			isa = PBXResourcesBuildPhase;
			buildActionMask = 2147483647;
			files = (
				A5C78FA11A4898FB007BA50A /* Images.xcassets in Resources */,
				A5C78FA41A4898FB007BA50A /* Main.storyboard in Resources */,
			);
			runOnlyForDeploymentPostprocessing = 0;
		};
		A5C78FA71A4898FB007BA50A /* Resources */ = {
			isa = PBXResourcesBuildPhase;
			buildActionMask = 2147483647;
			files = (
			);
			runOnlyForDeploymentPostprocessing = 0;
		};
/* End PBXResourcesBuildPhase section */

/* Begin PBXSourcesBuildPhase section */
		A5C78F931A4898FB007BA50A /* Sources */ = {
			isa = PBXSourcesBuildPhase;
			buildActionMask = 2147483647;
			files = (
				A5C78F9F1A4898FB007BA50A /* ViewController.swift in Sources */,
				A5C78F9D1A4898FB007BA50A /* AppDelegate.swift in Sources */,
			);
			runOnlyForDeploymentPostprocessing = 0;
		};
		A5C78FA51A4898FB007BA50A /* Sources */ = {
			isa = PBXSourcesBuildPhase;
			buildActionMask = 2147483647;
			files = (
				A5C78FB01A4898FB007BA50A /* chapter_2Tests.swift in Sources */,
			);
			runOnlyForDeploymentPostprocessing = 0;
		};
/* End PBXSourcesBuildPhase section */

/* Begin PBXTargetDependency section */
		A5C78FAB1A4898FB007BA50A /* PBXTargetDependency */ = {
			isa = PBXTargetDependency;
			target = A5C78F961A4898FB007BA50A /* chapter-2 */;
			targetProxy = A5C78FAA1A4898FB007BA50A /* PBXContainerItemProxy */;
		};
/* End PBXTargetDependency section */

/* Begin PBXVariantGroup section */
		A5C78FA21A4898FB007BA50A /* Main.storyboard */ = {
			isa = PBXVariantGroup;
			children = (
				A5C78FA31A4898FB007BA50A /* Base */,
			);
			name = Main.storyboard;
			sourceTree = "<group>";
		};
/* End PBXVariantGroup section */

/* Begin XCBuildConfiguration section */
		A5C78FB11A4898FB007BA50A /* Debug */ = {
			isa = XCBuildConfiguration;
			buildSettings = {
				ALWAYS_SEARCH_USER_PATHS = NO;
				CLANG_CXX_LANGUAGE_STANDARD = "gnu++0x";
				CLANG_CXX_LIBRARY = "libc++";
				CLANG_ENABLE_MODULES = YES;
				CLANG_ENABLE_OBJC_ARC = YES;
				CLANG_WARN_BOOL_CONVERSION = YES;
				CLANG_WARN_CONSTANT_CONVERSION = YES;
				CLANG_WARN_DIRECT_OBJC_ISA_USAGE = YES_ERROR;
				CLANG_WARN_EMPTY_BODY = YES;
				CLANG_WARN_ENUM_CONVERSION = YES;
				CLANG_WARN_INT_CONVERSION = YES;
				CLANG_WARN_OBJC_ROOT_CLASS = YES_ERROR;
				CLANG_WARN_UNREACHABLE_CODE = YES;
				CLANG_WARN__DUPLICATE_METHOD_MATCH = YES;
				CODE_SIGN_IDENTITY = "-";
				COPY_PHASE_STRIP = NO;
				ENABLE_STRICT_OBJC_MSGSEND = YES;
				GCC_C_LANGUAGE_STANDARD = gnu99;
				GCC_DYNAMIC_NO_PIC = NO;
				GCC_OPTIMIZATION_LEVEL = 0;
				GCC_PREPROCESSOR_DEFINITIONS = (
					"DEBUG=1",
					"$(inherited)",
				);
				GCC_SYMBOLS_PRIVATE_EXTERN = NO;
				GCC_WARN_64_TO_32_BIT_CONVERSION = YES;
				GCC_WARN_ABOUT_RETURN_TYPE = YES_ERROR;
				GCC_WARN_UNDECLARED_SELECTOR = YES;
				GCC_WARN_UNINITIALIZED_AUTOS = YES_AGGRESSIVE;
				GCC_WARN_UNUSED_FUNCTION = YES;
				GCC_WARN_UNUSED_VARIABLE = YES;
				MACOSX_DEPLOYMENT_TARGET = 10.10;
				MTL_ENABLE_DEBUG_INFO = YES;
				ONLY_ACTIVE_ARCH = YES;
				SDKROOT = macosx;
				SWIFT_OPTIMIZATION_LEVEL = "-Onone";
			};
			name = Debug;
		};
		A5C78FB21A4898FB007BA50A /* Release */ = {
			isa = XCBuildConfiguration;
			buildSettings = {
				ALWAYS_SEARCH_USER_PATHS = NO;
				CLANG_CXX_LANGUAGE_STANDARD = "gnu++0x";
				CLANG_CXX_LIBRARY = "libc++";
				CLANG_ENABLE_MODULES = YES;
				CLANG_ENABLE_OBJC_ARC = YES;
				CLANG_WARN_BOOL_CONVERSION = YES;
				CLANG_WARN_CONSTANT_CONVERSION = YES;
				CLANG_WARN_DIRECT_OBJC_ISA_USAGE = YES_ERROR;
				CLANG_WARN_EMPTY_BODY = YES;
				CLANG_WARN_ENUM_CONVERSION = YES;
				CLANG_WARN_INT_CONVERSION = YES;
				CLANG_WARN_OBJC_ROOT_CLASS = YES_ERROR;
				CLANG_WARN_UNREACHABLE_CODE = YES;
				CLANG_WARN__DUPLICATE_METHOD_MATCH = YES;
				CODE_SIGN_IDENTITY = "-";
				COPY_PHASE_STRIP = YES;
				DEBUG_INFORMATION_FORMAT = "dwarf-with-dsym";
				ENABLE_NS_ASSERTIONS = NO;
				ENABLE_STRICT_OBJC_MSGSEND = YES;
				GCC_C_LANGUAGE_STANDARD = gnu99;
				GCC_WARN_64_TO_32_BIT_CONVERSION = YES;
				GCC_WARN_ABOUT_RETURN_TYPE = YES_ERROR;
				GCC_WARN_UNDECLARED_SELECTOR = YES;
				GCC_WARN_UNINITIALIZED_AUTOS = YES_AGGRESSIVE;
				GCC_WARN_UNUSED_FUNCTION = YES;
				GCC_WARN_UNUSED_VARIABLE = YES;
				MACOSX_DEPLOYMENT_TARGET = 10.10;
				MTL_ENABLE_DEBUG_INFO = NO;
				SDKROOT = macosx;
			};
			name = Release;
		};
		A5C78FB41A4898FB007BA50A /* Debug */ = {
			isa = XCBuildConfiguration;
			buildSettings = {
				ASSETCATALOG_COMPILER_APPICON_NAME = AppIcon;
				COMBINE_HIDPI_IMAGES = YES;
				INFOPLIST_FILE = "chapter-2/Info.plist";
				LD_RUNPATH_SEARCH_PATHS = "$(inherited) @executable_path/../Frameworks";
				PRODUCT_NAME = "$(TARGET_NAME)";
			};
			name = Debug;
		};
		A5C78FB51A4898FB007BA50A /* Release */ = {
			isa = XCBuildConfiguration;
			buildSettings = {
				ASSETCATALOG_COMPILER_APPICON_NAME = AppIcon;
				COMBINE_HIDPI_IMAGES = YES;
				INFOPLIST_FILE = "chapter-2/Info.plist";
				LD_RUNPATH_SEARCH_PATHS = "$(inherited) @executable_path/../Frameworks";
				PRODUCT_NAME = "$(TARGET_NAME)";
			};
			name = Release;
		};
		A5C78FB71A4898FB007BA50A /* Debug */ = {
			isa = XCBuildConfiguration;
			buildSettings = {
				BUNDLE_LOADER = "$(TEST_HOST)";
				COMBINE_HIDPI_IMAGES = YES;
				FRAMEWORK_SEARCH_PATHS = (
					"$(DEVELOPER_FRAMEWORKS_DIR)",
					"$(inherited)",
				);
				GCC_PREPROCESSOR_DEFINITIONS = (
					"DEBUG=1",
					"$(inherited)",
				);
				INFOPLIST_FILE = "chapter-2Tests/Info.plist";
				LD_RUNPATH_SEARCH_PATHS = "$(inherited) @executable_path/../Frameworks @loader_path/../Frameworks";
				PRODUCT_NAME = "$(TARGET_NAME)";
				TEST_HOST = "$(BUILT_PRODUCTS_DIR)/chapter-2.app/Contents/MacOS/chapter-2";
			};
			name = Debug;
		};
		A5C78FB81A4898FB007BA50A /* Release */ = {
			isa = XCBuildConfiguration;
			buildSettings = {
				BUNDLE_LOADER = "$(TEST_HOST)";
				COMBINE_HIDPI_IMAGES = YES;
				FRAMEWORK_SEARCH_PATHS = (
					"$(DEVELOPER_FRAMEWORKS_DIR)",
					"$(inherited)",
				);
				INFOPLIST_FILE = "chapter-2Tests/Info.plist";
				LD_RUNPATH_SEARCH_PATHS = "$(inherited) @executable_path/../Frameworks @loader_path/../Frameworks";
				PRODUCT_NAME = "$(TARGET_NAME)";
				TEST_HOST = "$(BUILT_PRODUCTS_DIR)/chapter-2.app/Contents/MacOS/chapter-2";
			};
			name = Release;
		};
/* End XCBuildConfiguration section */

/* Begin XCConfigurationList section */
		A5C78F921A4898FB007BA50A /* Build configuration list for PBXProject "chapter-2" */ = {
			isa = XCConfigurationList;
			buildConfigurations = (
				A5C78FB11A4898FB007BA50A /* Debug */,
				A5C78FB21A4898FB007BA50A /* Release */,
			);
			defaultConfigurationIsVisible = 0;
			defaultConfigurationName = Release;
		};
		A5C78FB31A4898FB007BA50A /* Build configuration list for PBXNativeTarget "chapter-2" */ = {
			isa = XCConfigurationList;
			buildConfigurations = (
				A5C78FB41A4898FB007BA50A /* Debug */,
				A5C78FB51A4898FB007BA50A /* Release */,
			);
			defaultConfigurationIsVisible = 0;
		};
		A5C78FB61A4898FB007BA50A /* Build configuration list for PBXNativeTarget "chapter-2Tests" */ = {
			isa = XCConfigurationList;
			buildConfigurations = (
				A5C78FB71A4898FB007BA50A /* Debug */,
				A5C78FB81A4898FB007BA50A /* Release */,
			);
			defaultConfigurationIsVisible = 0;
		};
/* End XCConfigurationList section */
	};
	rootObject = A5C78F8F1A4898FB007BA50A /* Project object */;
}
