
Microsoft Visual Studio Solution File, Format Version 12.00
# Visual Studio 2013
VisualStudioVersion = 12.0.30110.0
MinimumVisualStudioVersion = 10.0.40219.1
Project("{FAE04EC0-301F-11D3-BF4B-00C04F79EFBC}") = "ctci", "ctci\ctci.csproj", "{F7867FE4-E80B-44DD-9666-C82E6D401B8A}"
EndProject
Project("{FAE04EC0-301F-11D3-BF4B-00C04F79EFBC}") = "Chapter01", "Chapter01\Chapter01.csproj", "{3F2DF0FA-D7A0-479B-B720-3AB7411E9539}"
EndProject
Project("{FAE04EC0-301F-11D3-BF4B-00C04F79EFBC}") = "ctci.Contracts", "ctci.Contracts\ctci.Contracts.csproj", "{D1B538B9-DE81-4FFF-93B2-A958ED2CE4DA}"
EndProject
Project("{FAE04EC0-301F-11D3-BF4B-00C04F79EFBC}") = "ctci.Library", "ctci.Library\ctci.Library.csproj", "{8DC982E1-042C-4652-BBC4-CD375223C852}"
EndProject
Project("{FAE04EC0-301F-11D3-BF4B-00C04F79EFBC}") = "Introduction", "Introduction\Introduction.csproj", "{AF745A68-20A9-4FF4-801C-86A3B0383C49}"
EndProject
Project("{2150E333-8FDC-42A3-9474-1A3956D46DE8}") = "Helpers", "Helpers", "{F9BD47E4-94CA-4823-B074-22E8ABE9B8C8}"
EndProject
Project("{2150E333-8FDC-42A3-9474-1A3956D46DE8}") = "Questions", "Questions", "{8E563D72-A200-4BB7-8AB8-A93BEED3A5B7}"
EndProject
Project("{FAE04EC0-301F-11D3-BF4B-00C04F79EFBC}") = "Chapter02", "Chapter02\Chapter02.csproj", "{D1ACE913-9486-4CDC-B980-A5F848A67108}"
EndProject
Project("{FAE04EC0-301F-11D3-BF4B-00C04F79EFBC}") = "Chapter03", "Chapter03\Chapter03.csproj", "{9FDD0B75-3B21-4AB9-AA86-5C4C9B2FBF98}"
EndProject
Project("{FAE04EC0-301F-11D3-BF4B-00C04F79EFBC}") = "Chapter04", "Chapter04\Chapter04.csproj", "{73C1FAC4-EB22-4328-AA1D-BD2F1280B009}"
EndProject
Project("{FAE04EC0-301F-11D3-BF4B-00C04F79EFBC}") = "Chapter05", "Chapter05\Chapter05.csproj", "{6515F74F-66C6-414D-B5EC-10260AAD473C}"
EndProject
Project("{FAE04EC0-301F-11D3-BF4B-00C04F79EFBC}") = "Chapter07", "Chapter07\Chapter07.csproj", "{97397B7A-A9E6-4419-B5BF-CCD8D1E17C97}"
EndProject
Project("{FAE04EC0-301F-11D3-BF4B-00C04F79EFBC}") = "Chapter09", "Chapter09\Chapter09.csproj", "{0E08D7F7-C337-4CD0-945A-D1C5B68E5CF2}"
EndProject
Project("{FAE04EC0-301F-11D3-BF4B-00C04F79EFBC}") = "Chapter11", "Chapter11\Chapter11.csproj", "{90D56A57-CEAD-42F8-A978-BC2D33530E0E}"
EndProject
Project("{FAE04EC0-301F-11D3-BF4B-00C04F79EFBC}") = "Chapter17", "Chapter17\Chapter17.csproj", "{64036BB0-00FB-4896-B611-D6FC041F7465}"
EndProject
Project("{FAE04EC0-301F-11D3-BF4B-00C04F79EFBC}") = "Chapter18", "Chapter18\Chapter18.csproj", "{E1FB6099-FF08-4F46-A23E-8B04AA84E964}"
EndProject
Global
	GlobalSection(SolutionConfigurationPlatforms) = preSolution
		Debug|Any CPU = Debug|Any CPU
		Release|Any CPU = Release|Any CPU
	EndGlobalSection
	GlobalSection(ProjectConfigurationPlatforms) = postSolution
		{F7867FE4-E80B-44DD-9666-C82E6D401B8A}.Debug|Any CPU.ActiveCfg = Debug|Any CPU
		{F7867FE4-E80B-44DD-9666-C82E6D401B8A}.Debug|Any CPU.Build.0 = Debug|Any CPU
		{F7867FE4-E80B-44DD-9666-C82E6D401B8A}.Release|Any CPU.ActiveCfg = Release|Any CPU
		{F7867FE4-E80B-44DD-9666-C82E6D401B8A}.Release|Any CPU.Build.0 = Release|Any CPU
		{3F2DF0FA-D7A0-479B-B720-3AB7411E9539}.Debug|Any CPU.ActiveCfg = Debug|Any CPU
		{3F2DF0FA-D7A0-479B-B720-3AB7411E9539}.Debug|Any CPU.Build.0 = Debug|Any CPU
		{3F2DF0FA-D7A0-479B-B720-3AB7411E9539}.Release|Any CPU.ActiveCfg = Release|Any CPU
		{3F2DF0FA-D7A0-479B-B720-3AB7411E9539}.Release|Any CPU.Build.0 = Release|Any CPU
		{D1B538B9-DE81-4FFF-93B2-A958ED2CE4DA}.Debug|Any CPU.ActiveCfg = Debug|Any CPU
		{D1B538B9-DE81-4FFF-93B2-A958ED2CE4DA}.Debug|Any CPU.Build.0 = Debug|Any CPU
		{D1B538B9-DE81-4FFF-93B2-A958ED2CE4DA}.Release|Any CPU.ActiveCfg = Release|Any CPU
		{D1B538B9-DE81-4FFF-93B2-A958ED2CE4DA}.Release|Any CPU.Build.0 = Release|Any CPU
		{8DC982E1-042C-4652-BBC4-CD375223C852}.Debug|Any CPU.ActiveCfg = Debug|Any CPU
		{8DC982E1-042C-4652-BBC4-CD375223C852}.Debug|Any CPU.Build.0 = Debug|Any CPU
		{8DC982E1-042C-4652-BBC4-CD375223C852}.Release|Any CPU.ActiveCfg = Release|Any CPU
		{8DC982E1-042C-4652-BBC4-CD375223C852}.Release|Any CPU.Build.0 = Release|Any CPU
		{AF745A68-20A9-4FF4-801C-86A3B0383C49}.Debug|Any CPU.ActiveCfg = Debug|Any CPU
		{AF745A68-20A9-4FF4-801C-86A3B0383C49}.Debug|Any CPU.Build.0 = Debug|Any CPU
		{AF745A68-20A9-4FF4-801C-86A3B0383C49}.Release|Any CPU.ActiveCfg = Release|Any CPU
		{AF745A68-20A9-4FF4-801C-86A3B0383C49}.Release|Any CPU.Build.0 = Release|Any CPU
		{D1ACE913-9486-4CDC-B980-A5F848A67108}.Debug|Any CPU.ActiveCfg = Debug|Any CPU
		{D1ACE913-9486-4CDC-B980-A5F848A67108}.Debug|Any CPU.Build.0 = Debug|Any CPU
		{D1ACE913-9486-4CDC-B980-A5F848A67108}.Release|Any CPU.ActiveCfg = Release|Any CPU
		{D1ACE913-9486-4CDC-B980-A5F848A67108}.Release|Any CPU.Build.0 = Release|Any CPU
		{9FDD0B75-3B21-4AB9-AA86-5C4C9B2FBF98}.Debug|Any CPU.ActiveCfg = Debug|Any CPU
		{9FDD0B75-3B21-4AB9-AA86-5C4C9B2FBF98}.Debug|Any CPU.Build.0 = Debug|Any CPU
		{9FDD0B75-3B21-4AB9-AA86-5C4C9B2FBF98}.Release|Any CPU.ActiveCfg = Release|Any CPU
		{9FDD0B75-3B21-4AB9-AA86-5C4C9B2FBF98}.Release|Any CPU.Build.0 = Release|Any CPU
		{73C1FAC4-EB22-4328-AA1D-BD2F1280B009}.Debug|Any CPU.ActiveCfg = Debug|Any CPU
		{73C1FAC4-EB22-4328-AA1D-BD2F1280B009}.Debug|Any CPU.Build.0 = Debug|Any CPU
		{73C1FAC4-EB22-4328-AA1D-BD2F1280B009}.Release|Any CPU.ActiveCfg = Release|Any CPU
		{73C1FAC4-EB22-4328-AA1D-BD2F1280B009}.Release|Any CPU.Build.0 = Release|Any CPU
		{6515F74F-66C6-414D-B5EC-10260AAD473C}.Debug|Any CPU.ActiveCfg = Debug|Any CPU
		{6515F74F-66C6-414D-B5EC-10260AAD473C}.Debug|Any CPU.Build.0 = Debug|Any CPU
		{6515F74F-66C6-414D-B5EC-10260AAD473C}.Release|Any CPU.ActiveCfg = Release|Any CPU
		{6515F74F-66C6-414D-B5EC-10260AAD473C}.Release|Any CPU.Build.0 = Release|Any CPU
		{97397B7A-A9E6-4419-B5BF-CCD8D1E17C97}.Debug|Any CPU.ActiveCfg = Debug|Any CPU
		{97397B7A-A9E6-4419-B5BF-CCD8D1E17C97}.Debug|Any CPU.Build.0 = Debug|Any CPU
		{97397B7A-A9E6-4419-B5BF-CCD8D1E17C97}.Release|Any CPU.ActiveCfg = Release|Any CPU
		{97397B7A-A9E6-4419-B5BF-CCD8D1E17C97}.Release|Any CPU.Build.0 = Release|Any CPU
		{0E08D7F7-C337-4CD0-945A-D1C5B68E5CF2}.Debug|Any CPU.ActiveCfg = Debug|Any CPU
		{0E08D7F7-C337-4CD0-945A-D1C5B68E5CF2}.Debug|Any CPU.Build.0 = Debug|Any CPU
		{0E08D7F7-C337-4CD0-945A-D1C5B68E5CF2}.Release|Any CPU.ActiveCfg = Release|Any CPU
		{0E08D7F7-C337-4CD0-945A-D1C5B68E5CF2}.Release|Any CPU.Build.0 = Release|Any CPU
		{90D56A57-CEAD-42F8-A978-BC2D33530E0E}.Debug|Any CPU.ActiveCfg = Debug|Any CPU
		{90D56A57-CEAD-42F8-A978-BC2D33530E0E}.Debug|Any CPU.Build.0 = Debug|Any CPU
		{90D56A57-CEAD-42F8-A978-BC2D33530E0E}.Release|Any CPU.ActiveCfg = Release|Any CPU
		{90D56A57-CEAD-42F8-A978-BC2D33530E0E}.Release|Any CPU.Build.0 = Release|Any CPU
		{64036BB0-00FB-4896-B611-D6FC041F7465}.Debug|Any CPU.ActiveCfg = Debug|Any CPU
		{64036BB0-00FB-4896-B611-D6FC041F7465}.Debug|Any CPU.Build.0 = Debug|Any CPU
		{64036BB0-00FB-4896-B611-D6FC041F7465}.Release|Any CPU.ActiveCfg = Release|Any CPU
		{64036BB0-00FB-4896-B611-D6FC041F7465}.Release|Any CPU.Build.0 = Release|Any CPU
		{E1FB6099-FF08-4F46-A23E-8B04AA84E964}.Debug|Any CPU.ActiveCfg = Debug|Any CPU
		{E1FB6099-FF08-4F46-A23E-8B04AA84E964}.Debug|Any CPU.Build.0 = Debug|Any CPU
		{E1FB6099-FF08-4F46-A23E-8B04AA84E964}.Release|Any CPU.ActiveCfg = Release|Any CPU
		{E1FB6099-FF08-4F46-A23E-8B04AA84E964}.Release|Any CPU.Build.0 = Release|Any CPU
	EndGlobalSection
	GlobalSection(SolutionProperties) = preSolution
		HideSolutionNode = FALSE
	EndGlobalSection
	GlobalSection(NestedProjects) = preSolution
		{D1B538B9-DE81-4FFF-93B2-A958ED2CE4DA} = {F9BD47E4-94CA-4823-B074-22E8ABE9B8C8}
		{8DC982E1-042C-4652-BBC4-CD375223C852} = {F9BD47E4-94CA-4823-B074-22E8ABE9B8C8}
		{F7867FE4-E80B-44DD-9666-C82E6D401B8A} = {F9BD47E4-94CA-4823-B074-22E8ABE9B8C8}
		{AF745A68-20A9-4FF4-801C-86A3B0383C49} = {8E563D72-A200-4BB7-8AB8-A93BEED3A5B7}
		{3F2DF0FA-D7A0-479B-B720-3AB7411E9539} = {8E563D72-A200-4BB7-8AB8-A93BEED3A5B7}
		{D1ACE913-9486-4CDC-B980-A5F848A67108} = {8E563D72-A200-4BB7-8AB8-A93BEED3A5B7}
		{9FDD0B75-3B21-4AB9-AA86-5C4C9B2FBF98} = {8E563D72-A200-4BB7-8AB8-A93BEED3A5B7}
		{73C1FAC4-EB22-4328-AA1D-BD2F1280B009} = {8E563D72-A200-4BB7-8AB8-A93BEED3A5B7}
		{6515F74F-66C6-414D-B5EC-10260AAD473C} = {8E563D72-A200-4BB7-8AB8-A93BEED3A5B7}
		{97397B7A-A9E6-4419-B5BF-CCD8D1E17C97} = {8E563D72-A200-4BB7-8AB8-A93BEED3A5B7}
		{0E08D7F7-C337-4CD0-945A-D1C5B68E5CF2} = {8E563D72-A200-4BB7-8AB8-A93BEED3A5B7}
		{90D56A57-CEAD-42F8-A978-BC2D33530E0E} = {8E563D72-A200-4BB7-8AB8-A93BEED3A5B7}
		{64036BB0-00FB-4896-B611-D6FC041F7465} = {8E563D72-A200-4BB7-8AB8-A93BEED3A5B7}
		{E1FB6099-FF08-4F46-A23E-8B04AA84E964} = {8E563D72-A200-4BB7-8AB8-A93BEED3A5B7}
	EndGlobalSection
EndGlobal
