// !$*UTF8*$!
{
	archiveVersion = 1;
	classes = {
	};
	objectVersion = 46;
	objects = {

/* Begin PBXBuildFile section */
		9C112C011849495E00D7F50E /* Foundation.framework in Frameworks */ = {isa = PBXBuildFile; fileRef = 9C112C001849495E00D7F50E /* Foundation.framework */; };
		9C112C041849495E00D7F50E /* main.m in Sources */ = {isa = PBXBuildFile; fileRef = 9C112C031849495E00D7F50E /* main.m */; };
/* End PBXBuildFile section */

/* Begin PBXCopyFilesBuildPhase section */
		9C112BFB1849495E00D7F50E /* CopyFiles */ = {
			isa = PBXCopyFilesBuildPhase;
			buildActionMask = 2147483647;
			dstPath = /usr/share/man/man1/;
			dstSubfolderSpec = 0;
			files = (
			);
			runOnlyForDeploymentPostprocessing = 1;
		};
/* End PBXCopyFilesBuildPhase section */

/* Begin PBXFileReference section */
		9C112BFD1849495E00D7F50E /* Question1-6 */ = {isa = PBXFileReference; explicitFileType = "compiled.mach-o.executable"; includeInIndex = 0; path = "Question1-6"; sourceTree = BUILT_PRODUCTS_DIR; };
		9C112C001849495E00D7F50E /* Foundation.framework */ = {isa = PBXFileReference; lastKnownFileType = wrapper.framework; name = Foundation.framework; path = System/Library/Frameworks/Foundation.framework; sourceTree = SDKROOT; };
		9C112C031849495E00D7F50E /* main.m */ = {isa = PBXFileReference; lastKnownFileType = sourcecode.c.objc; path = main.m; sourceTree = "<group>"; };
		9C112C061849495E00D7F50E /* Question1-6-Prefix.pch */ = {isa = PBXFileReference; lastKnownFileType = sourcecode.c.h; path = "Question1-6-Prefix.pch"; sourceTree = "<group>"; };
/* End PBXFileReference section */

/* Begin PBXFrameworksBuildPhase section */
		9C112BFA1849495E00D7F50E /* Frameworks */ = {
			isa = PBXFrameworksBuildPhase;
			buildActionMask = 2147483647;
			files = (
				9C112C011849495E00D7F50E /* Foundation.framework in Frameworks */,
			);
			runOnlyForDeploymentPostprocessing = 0;
		};
/* End PBXFrameworksBuildPhase section */

/* Begin PBXGroup section */
		9C112BF41849495E00D7F50E = {
			isa = PBXGroup;
			children = (
				9C112C021849495E00D7F50E /* Question1-6 */,
				9C112BFF1849495E00D7F50E /* Frameworks */,
				9C112BFE1849495E00D7F50E /* Products */,
			);
			sourceTree = "<group>";
		};
		9C112BFE1849495E00D7F50E /* Products */ = {
			isa = PBXGroup;
			children = (
				9C112BFD1849495E00D7F50E /* Question1-6 */,
			);
			name = Products;
			sourceTree = "<group>";
		};
		9C112BFF1849495E00D7F50E /* Frameworks */ = {
			isa = PBXGroup;
			children = (
				9C112C001849495E00D7F50E /* Foundation.framework */,
			);
			name = Frameworks;
			sourceTree = "<group>";
		};
		9C112C021849495E00D7F50E /* Question1-6 */ = {
			isa = PBXGroup;
			children = (
				9C112C031849495E00D7F50E /* main.m */,
				9C112C051849495E00D7F50E /* Supporting Files */,
			);
			path = "Question1-6";
			sourceTree = "<group>";
		};
		9C112C051849495E00D7F50E /* Supporting Files */ = {
			isa = PBXGroup;
			children = (
				9C112C061849495E00D7F50E /* Question1-6-Prefix.pch */,
			);
			name = "Supporting Files";
			sourceTree = "<group>";
		};
/* End PBXGroup section */

/* Begin PBXNativeTarget section */
		9C112BFC1849495E00D7F50E /* Question1-6 */ = {
			isa = PBXNativeTarget;
			buildConfigurationList = 9C112C0B1849495E00D7F50E /* Build configuration list for PBXNativeTarget "Question1-6" */;
			buildPhases = (
				9C112BF91849495E00D7F50E /* Sources */,
				9C112BFA1849495E00D7F50E /* Frameworks */,
				9C112BFB1849495E00D7F50E /* CopyFiles */,
			);
			buildRules = (
			);
			dependencies = (
			);
			name = "Question1-6";
			productName = "Question1-6";
			productReference = 9C112BFD1849495E00D7F50E /* Question1-6 */;
			productType = "com.apple.product-type.tool";
		};
/* End PBXNativeTarget section */

/* Begin PBXProject section */
		9C112BF51849495E00D7F50E /* Project object */ = {
			isa = PBXProject;
			attributes = {
				LastUpgradeCheck = 0500;
				ORGANIZATIONNAME = "Ryan Moniz";
			};
			buildConfigurationList = 9C112BF81849495E00D7F50E /* Build configuration list for PBXProject "Question1-6" */;
			compatibilityVersion = "Xcode 3.2";
			developmentRegion = English;
			hasScannedForEncodings = 0;
			knownRegions = (
				en,
			);
			mainGroup = 9C112BF41849495E00D7F50E;
			productRefGroup = 9C112BFE1849495E00D7F50E /* Products */;
			projectDirPath = "";
			projectRoot = "";
			targets = (
				9C112BFC1849495E00D7F50E /* Question1-6 */,
			);
		};
/* End PBXProject section */

/* Begin PBXSourcesBuildPhase section */
		9C112BF91849495E00D7F50E /* Sources */ = {
			isa = PBXSourcesBuildPhase;
			buildActionMask = 2147483647;
			files = (
				9C112C041849495E00D7F50E /* main.m in Sources */,
			);
			runOnlyForDeploymentPostprocessing = 0;
		};
/* End PBXSourcesBuildPhase section */

/* Begin XCBuildConfiguration section */
		9C112C091849495E00D7F50E /* Debug */ = {
			isa = XCBuildConfiguration;
			buildSettings = {
				ALWAYS_SEARCH_USER_PATHS = NO;
				CLANG_CXX_LANGUAGE_STANDARD = "gnu++0x";
				CLANG_CXX_LIBRARY = "libc++";
				CLANG_ENABLE_OBJC_ARC = YES;
				CLANG_WARN_BOOL_CONVERSION = YES;
				CLANG_WARN_CONSTANT_CONVERSION = YES;
				CLANG_WARN_DIRECT_OBJC_ISA_USAGE = YES_ERROR;
				CLANG_WARN_EMPTY_BODY = YES;
				CLANG_WARN_ENUM_CONVERSION = YES;
				CLANG_WARN_INT_CONVERSION = YES;
				CLANG_WARN_OBJC_ROOT_CLASS = YES_ERROR;
				CLANG_WARN__DUPLICATE_METHOD_MATCH = YES;
				COPY_PHASE_STRIP = NO;
				GCC_C_LANGUAGE_STANDARD = gnu99;
				GCC_DYNAMIC_NO_PIC = NO;
				GCC_ENABLE_OBJC_EXCEPTIONS = YES;
				GCC_OPTIMIZATION_LEVEL = 0;
				GCC_PREPROCESSOR_DEFINITIONS = (
					"DEBUG=1",
					"$(inherited)",
				);
				GCC_SYMBOLS_PRIVATE_EXTERN = NO;
				GCC_WARN_64_TO_32_BIT_CONVERSION = YES;
				GCC_WARN_ABOUT_RETURN_TYPE = YES_ERROR;
				GCC_WARN_UNDECLARED_SELECTOR = YES;
				GCC_WARN_UNINITIALIZED_AUTOS = YES;
				GCC_WARN_UNUSED_FUNCTION = YES;
				GCC_WARN_UNUSED_VARIABLE = YES;
				MACOSX_DEPLOYMENT_TARGET = 10.9;
				ONLY_ACTIVE_ARCH = YES;
				SDKROOT = macosx;
			};
			name = Debug;
		};
		9C112C0A1849495E00D7F50E /* Release */ = {
			isa = XCBuildConfiguration;
			buildSettings = {
				ALWAYS_SEARCH_USER_PATHS = NO;
				CLANG_CXX_LANGUAGE_STANDARD = "gnu++0x";
				CLANG_CXX_LIBRARY = "libc++";
				CLANG_ENABLE_OBJC_ARC = YES;
				CLANG_WARN_BOOL_CONVERSION = YES;
				CLANG_WARN_CONSTANT_CONVERSION = YES;
				CLANG_WARN_DIRECT_OBJC_ISA_USAGE = YES_ERROR;
				CLANG_WARN_EMPTY_BODY = YES;
				CLANG_WARN_ENUM_CONVERSION = YES;
				CLANG_WARN_INT_CONVERSION = YES;
				CLANG_WARN_OBJC_ROOT_CLASS = YES_ERROR;
				CLANG_WARN__DUPLICATE_METHOD_MATCH = YES;
				COPY_PHASE_STRIP = YES;
				DEBUG_INFORMATION_FORMAT = "dwarf-with-dsym";
				ENABLE_NS_ASSERTIONS = NO;
				GCC_C_LANGUAGE_STANDARD = gnu99;
				GCC_ENABLE_OBJC_EXCEPTIONS = YES;
				GCC_WARN_64_TO_32_BIT_CONVERSION = YES;
				GCC_WARN_ABOUT_RETURN_TYPE = YES_ERROR;
				GCC_WARN_UNDECLARED_SELECTOR = YES;
				GCC_WARN_UNINITIALIZED_AUTOS = YES;
				GCC_WARN_UNUSED_FUNCTION = YES;
				GCC_WARN_UNUSED_VARIABLE = YES;
				MACOSX_DEPLOYMENT_TARGET = 10.9;
				SDKROOT = macosx;
			};
			name = Release;
		};
		9C112C0C1849495E00D7F50E /* Debug */ = {
			isa = XCBuildConfiguration;
			buildSettings = {
				GCC_PRECOMPILE_PREFIX_HEADER = YES;
				GCC_PREFIX_HEADER = "Question1-6/Question1-6-Prefix.pch";
				PRODUCT_NAME = "$(TARGET_NAME)";
			};
			name = Debug;
		};
		9C112C0D1849495E00D7F50E /* Release */ = {
			isa = XCBuildConfiguration;
			buildSettings = {
				GCC_PRECOMPILE_PREFIX_HEADER = YES;
				GCC_PREFIX_HEADER = "Question1-6/Question1-6-Prefix.pch";
				PRODUCT_NAME = "$(TARGET_NAME)";
			};
			name = Release;
		};
/* End XCBuildConfiguration section */

/* Begin XCConfigurationList section */
		9C112BF81849495E00D7F50E /* Build configuration list for PBXProject "Question1-6" */ = {
			isa = XCConfigurationList;
			buildConfigurations = (
				9C112C091849495E00D7F50E /* Debug */,
				9C112C0A1849495E00D7F50E /* Release */,
			);
			defaultConfigurationIsVisible = 0;
			defaultConfigurationName = Release;
		};
		9C112C0B1849495E00D7F50E /* Build configuration list for PBXNativeTarget "Question1-6" */ = {
			isa = XCConfigurationList;
			buildConfigurations = (
				9C112C0C1849495E00D7F50E /* Debug */,
				9C112C0D1849495E00D7F50E /* Release */,
			);
			defaultConfigurationIsVisible = 0;
		};
/* End XCConfigurationList section */
	};
	rootObject = 9C112BF51849495E00D7F50E /* Project object */;
}
